
Microsoft Visual Studio Solution File, Format Version 12.00
# Visual Studio Version 16
VisualStudioVersion = 16.0.32126.315
MinimumVisualStudioVersion = 10.0.40219.1
Project("{FAE04EC0-301F-11D3-BF4B-00C04F79EFBC}") = "HotelPartApi", "HotelPartApi\HotelPartApi.csproj", "{3C1DBC0E-AA04-4929-B26C-96AB476C12C0}"
EndProject
Project("{FAE04EC0-301F-11D3-BF4B-00C04F79EFBC}") = "Entities", "Entities\Entities.csproj", "{C70844DF-EF17-4E23-BDB7-DAADC32AC823}"
EndProject
Project("{FAE04EC0-301F-11D3-BF4B-00C04F79EFBC}") = "Services", "Services\Services.csproj", "{800B2FBA-5165-44CD-9138-030FEB79B9F1}"
EndProject
Global
	GlobalSection(SolutionConfigurationPlatforms) = preSolution
		Debug|Any CPU = Debug|Any CPU
		Release|Any CPU = Release|Any CPU
	EndGlobalSection
	GlobalSection(ProjectConfigurationPlatforms) = postSolution
		{3C1DBC0E-AA04-4929-B26C-96AB476C12C0}.Debug|Any CPU.ActiveCfg = Debug|Any CPU
		{3C1DBC0E-AA04-4929-B26C-96AB476C12C0}.Debug|Any CPU.Build.0 = Debug|Any CPU
		{3C1DBC0E-AA04-4929-B26C-96AB476C12C0}.Release|Any CPU.ActiveCfg = Release|Any CPU
		{3C1DBC0E-AA04-4929-B26C-96AB476C12C0}.Release|Any CPU.Build.0 = Release|Any CPU
		{C70844DF-EF17-4E23-BDB7-DAADC32AC823}.Debug|Any CPU.ActiveCfg = Debug|Any CPU
		{C70844DF-EF17-4E23-BDB7-DAADC32AC823}.Debug|Any CPU.Build.0 = Debug|Any CPU
		{C70844DF-EF17-4E23-BDB7-DAADC32AC823}.Release|Any CPU.ActiveCfg = Release|Any CPU
		{C70844DF-EF17-4E23-BDB7-DAADC32AC823}.Release|Any CPU.Build.0 = Release|Any CPU
		{800B2FBA-5165-44CD-9138-030FEB79B9F1}.Debug|Any CPU.ActiveCfg = Debug|Any CPU
		{800B2FBA-5165-44CD-9138-030FEB79B9F1}.Debug|Any CPU.Build.0 = Debug|Any CPU
		{800B2FBA-5165-44CD-9138-030FEB79B9F1}.Release|Any CPU.ActiveCfg = Release|Any CPU
		{800B2FBA-5165-44CD-9138-030FEB79B9F1}.Release|Any CPU.Build.0 = Release|Any CPU
	EndGlobalSection
	GlobalSection(SolutionProperties) = preSolution
		HideSolutionNode = FALSE
	EndGlobalSection
	GlobalSection(ExtensibilityGlobals) = postSolution
		SolutionGuid = {6DFD0652-81EB-46D0-9741-6F6D03059246}
	EndGlobalSection
EndGlobal
